
Microsoft Visual Studio Solution File, Format Version 12.00
# Visual Studio Version 17
VisualStudioVersion = 17.0.31919.166
MinimumVisualStudioVersion = 10.0.40219.1
Project("{FAE04EC0-301F-11D3-BF4B-00C04F79EFBC}") = "MyFirstProgram", "MyFirstProgram\MyFirstProgram.csproj", "{E85A2541-9145-4A74-AEA7-D6397560E559}"
EndProject
Global
	GlobalSection(SolutionConfigurationPlatforms) = preSolution
		Debug|Any CPU = Debug|Any CPU
		Release|Any CPU = Release|Any CPU
	EndGlobalSection
	GlobalSection(ProjectConfigurationPlatforms) = postSolution
		{E85A2541-9145-4A74-AEA7-D6397560E559}.Debug|Any CPU.ActiveCfg = Debug|Any CPU
		{E85A2541-9145-4A74-AEA7-D6397560E559}.Debug|Any CPU.Build.0 = Debug|Any CPU
		{E85A2541-9145-4A74-AEA7-D6397560E559}.Release|Any CPU.ActiveCfg = Release|Any CPU
		{E85A2541-9145-4A74-AEA7-D6397560E559}.Release|Any CPU.Build.0 = Release|Any CPU
	EndGlobalSection
	GlobalSection(SolutionProperties) = preSolution
		HideSolutionNode = FALSE
	EndGlobalSection
	GlobalSection(ExtensibilityGlobals) = postSolution
		SolutionGuid = {0DE04020-99D4-4E35-8396-7C7AB7F20B2E}
	EndGlobalSection
EndGlobal
